
Microsoft Visual Studio Solution File, Format Version 12.00
# Visual Studio Version 16
VisualStudioVersion = 16.0.30611.23
MinimumVisualStudioVersion = 10.0.40219.1
Project("{9A19103F-16F7-4668-BE54-9A1E7A4F7556}") = "SB.TechnicalTest", "SB.TechnicalTest.csproj", "{39A710F4-7AB4-4F32-ABE5-17FB8F1A6FDB}"
EndProject
Global
	GlobalSection(SolutionConfigurationPlatforms) = preSolution
		Debug|Any CPU = Debug|Any CPU
		Release|Any CPU = Release|Any CPU
	EndGlobalSection
	GlobalSection(ProjectConfigurationPlatforms) = postSolution
		{39A710F4-7AB4-4F32-ABE5-17FB8F1A6FDB}.Debug|Any CPU.ActiveCfg = Debug|Any CPU
		{39A710F4-7AB4-4F32-ABE5-17FB8F1A6FDB}.Debug|Any CPU.Build.0 = Debug|Any CPU
		{39A710F4-7AB4-4F32-ABE5-17FB8F1A6FDB}.Release|Any CPU.ActiveCfg = Release|Any CPU
		{39A710F4-7AB4-4F32-ABE5-17FB8F1A6FDB}.Release|Any CPU.Build.0 = Release|Any CPU
	EndGlobalSection
	GlobalSection(SolutionProperties) = preSolution
		HideSolutionNode = FALSE
	EndGlobalSection
	GlobalSection(ExtensibilityGlobals) = postSolution
		SolutionGuid = {B511E800-08FF-44C2-BF17-D879B1F78F77}
	EndGlobalSection
EndGlobal
